<?xml version="1.0" encoding="utf-8"?>
<Project ToolsVersion="4.0" xmlns="http://schemas.microsoft.com/developer/msbuild/2003">
  <ItemGroup>
    <Filter Include="Source Files">
      <UniqueIdentifier>{4FC737F1-C7A5-4376-A066-2A32D752A2FF}</UniqueIdentifier>
      <Extensions>cpp;c;cc;cxx;c++;cppm;ixx;def;odl;idl;hpj;bat;asm;asmx</Extensions>
    </Filter>
    <Filter Include="Header Files">
      <UniqueIdentifier>{93995380-89BD-4b04-88EB-625FBE52EBFB}</UniqueIdentifier>
      <Extensions>h;hh;hpp;hxx;h++;hm;inl;inc;ipp;xsd</Extensions>
    </Filter>
    <Filter Include="Resource Files">
      <UniqueIdentifier>{67DA6AB6-F800-4c08-8B7A-83BB121AAD01}</UniqueIdentifier>
      <Extensions>rc;ico;cur;bmp;dlg;rc2;rct;bin;rgs;gif;jpg;jpeg;jpe;resx;tiff;tif;png;wav;mfcribbon-ms</Extensions>
    </Filter>
    <Filter Include="Header Files\Rendering">
      <UniqueIdentifier>{9e50d212-44e4-4192-a7f8-d4241f8a6556}</UniqueIdentifier>
    </Filter>
    <Filter Include="Source Files\Rendering">
      <UniqueIdentifier>{d3b44b69-d918-468d-83be-f6b79ef3d795}</UniqueIdentifier>
    </Filter>
    <Filter Include="Resource Files\shaders">
      <UniqueIdentifier>{d95da440-3ba7-427a-9f3e-1e1a9afda6e5}</UniqueIdentifier>
    </Filter>
    <Filter Include="Source Files\World">
      <UniqueIdentifier>{c94cda65-fa2a-4277-abca-a06d1281282f}</UniqueIdentifier>
    </Filter>
    <Filter Include="Source Files\World\Entities">
      <UniqueIdentifier>{5c83f27e-e547-4c66-a023-bf113712c2ef}</UniqueIdentifier>
    </Filter>
    <Filter Include="Header Files\World">
      <UniqueIdentifier>{5399c289-2e4c-4bff-94d1-0b9022cab615}</UniqueIdentifier>
    </Filter>
    <Filter Include="Header Files\World\Entities">
      <UniqueIdentifier>{c026d9a4-466a-4be4-b1ce-213ccac74858}</UniqueIdentifier>
    </Filter>
  </ItemGroup>
  <ItemGroup>
    <ClCompile Include="src\Source.cpp">
      <Filter>Source Files</Filter>
    </ClCompile>
    <ClCompile Include="src\Camera.cpp">
      <Filter>Source Files\Rendering</Filter>
    </ClCompile>
    <ClCompile Include="src\Shader.cpp">
      <Filter>Source Files\Rendering</Filter>
    </ClCompile>
    <ClCompile Include="src\Sprite.cpp">
      <Filter>Source Files\Rendering</Filter>
    </ClCompile>
    <ClCompile Include="src\Texture2D.cpp">
      <Filter>Source Files\Rendering</Filter>
    </ClCompile>
    <ClCompile Include="src\Window.cpp">
      <Filter>Source Files\Rendering</Filter>
    </ClCompile>
    <ClCompile Include="src\Player.cpp">
      <Filter>Source Files\World\Entities</Filter>
    </ClCompile>
    <ClCompile Include="src\BasicEntity.cpp">
      <Filter>Source Files\World\Entities</Filter>
    </ClCompile>
    <ClCompile Include="src\Renderer.cpp">
      <Filter>Source Files\Rendering</Filter>
    </ClCompile>
    <ClCompile Include="src\EnemyEntity.cpp">
      <Filter>Source Files\World\Entities</Filter>
    </ClCompile>
    <ClCompile Include="src\Line.cpp">
      <Filter>Source Files\Rendering</Filter>
    </ClCompile>
    <ClCompile Include="src\World.cpp">
      <Filter>Source Files\World</Filter>
    </ClCompile>
    <ClCompile Include="..\..\..\..\glad\src\glad.c">
      <Filter>Source Files</Filter>
    </ClCompile>
    <ClCompile Include="src\Tile.cpp">
      <Filter>Source Files\Rendering</Filter>
    </ClCompile>
  </ItemGroup>
  <ItemGroup>
    <ClInclude Include="include\stb_image.h">
      <Filter>Header Files</Filter>
    </ClInclude>
    <ClInclude Include="include\Window.hpp">
      <Filter>Header Files\Rendering</Filter>
    </ClInclude>
    <ClInclude Include="include\Texture2D.hpp">
      <Filter>Header Files\Rendering</Filter>
    </ClInclude>
    <ClInclude Include="include\Shader.hpp">
      <Filter>Header Files\Rendering</Filter>
    </ClInclude>
    <ClInclude Include="include\Sprite.hpp">
      <Filter>Header Files\Rendering</Filter>
    </ClInclude>
    <ClInclude Include="include\Camera.hpp">
      <Filter>Header Files\Rendering</Filter>
    </ClInclude>
    <ClInclude Include="include\Player.hpp">
      <Filter>Header Files\World\Entities</Filter>
    </ClInclude>
    <ClInclude Include="include\BasicEntity.hpp">
      <Filter>Header Files\World\Entities</Filter>
    </ClInclude>
    <ClInclude Include="include\Renderer.hpp">
      <Filter>Header Files\Rendering</Filter>
    </ClInclude>
    <ClInclude Include="include\EnemyEntity.hpp">
      <Filter>Header Files\World\Entities</Filter>
    </ClInclude>
    <ClInclude Include="include\Line.hpp">
      <Filter>Header Files\Rendering</Filter>
    </ClInclude>
    <ClInclude Include="include\World.hpp">
      <Filter>Header Files\World</Filter>
    </ClInclude>
    <ClInclude Include="include\Tile.hpp">
      <Filter>Header Files\Rendering</Filter>
    </ClInclude>
  </ItemGroup>
  <ItemGroup>
    <None Include="graphics\shaders\background.frag">
      <Filter>Resource Files\shaders</Filter>
    </None>
    <None Include="graphics\shaders\background.vert">
      <Filter>Resource Files\shaders</Filter>
    </None>
    <None Include="graphics\shaders\entity.frag">
      <Filter>Resource Files\shaders</Filter>
    </None>
    <None Include="graphics\shaders\entity.vert">
      <Filter>Resource Files\shaders</Filter>
    </None>
    <None Include="graphics\shaders\line.frag">
      <Filter>Resource Files\shaders</Filter>
    </None>
    <None Include="graphics\shaders\line.vert">
      <Filter>Resource Files\shaders</Filter>
    </None>
    <None Include="graphics\shaders\shader.frag">
      <Filter>Resource Files\shaders</Filter>
    </None>
    <None Include="graphics\shaders\shader.vert">
      <Filter>Resource Files\shaders</Filter>
    </None>
  </ItemGroup>
</Project>